
Microsoft Visual Studio Solution File, Format Version 12.00
# Visual Studio 14
VisualStudioVersion = 14.0.25420.1
MinimumVisualStudioVersion = 10.0.40219.1
Project("{2150E333-8FDC-42A3-9474-1A3956D46DE8}") = "src", "src", "{EB0FDA3F-09E0-4908-AF3A-51FC5989C013}"
EndProject
Project("{2150E333-8FDC-42A3-9474-1A3956D46DE8}") = "Solution Items", "Solution Items", "{8866B9AD-7EAC-4A70-BD89-FCDE4F58AB72}"
	ProjectSection(SolutionItems) = preProject
		global.json = global.json
	EndProjectSection
EndProject
Project("{8BB2217D-0F2D-49D1-97BC-3654ED321F3B}") = "mtosh.web", "src\mtosh.web\mtosh.web.xproj", "{A1AEAE68-B513-4219-A1B2-6CAEE4539D3E}"
EndProject
Global
	GlobalSection(SolutionConfigurationPlatforms) = preSolution
		Debug|Any CPU = Debug|Any CPU
		Release|Any CPU = Release|Any CPU
	EndGlobalSection
	GlobalSection(ProjectConfigurationPlatforms) = postSolution
		{A1AEAE68-B513-4219-A1B2-6CAEE4539D3E}.Debug|Any CPU.ActiveCfg = Debug|Any CPU
		{A1AEAE68-B513-4219-A1B2-6CAEE4539D3E}.Debug|Any CPU.Build.0 = Debug|Any CPU
		{A1AEAE68-B513-4219-A1B2-6CAEE4539D3E}.Release|Any CPU.ActiveCfg = Release|Any CPU
		{A1AEAE68-B513-4219-A1B2-6CAEE4539D3E}.Release|Any CPU.Build.0 = Release|Any CPU
	EndGlobalSection
	GlobalSection(SolutionProperties) = preSolution
		HideSolutionNode = FALSE
	EndGlobalSection
	GlobalSection(NestedProjects) = preSolution
		{A1AEAE68-B513-4219-A1B2-6CAEE4539D3E} = {EB0FDA3F-09E0-4908-AF3A-51FC5989C013}
	EndGlobalSection
EndGlobal
